<?xml version="1.0" encoding="utf-8"?>
<Project ToolsVersion="4.0" xmlns="http://schemas.microsoft.com/developer/msbuild/2003">
  <ItemGroup>
    <Filter Include="Common">
      <UniqueIdentifier>{2ba9432e-e678-4035-9c4a-6da753794fdc}</UniqueIdentifier>
    </Filter>
    <Filter Include="Common\MemoryPool">
      <UniqueIdentifier>{a24965f3-aff1-4b8c-a98b-3941080a78a4}</UniqueIdentifier>
    </Filter>
    <Filter Include="Packet">
      <UniqueIdentifier>{ad2a5c4e-34cd-4194-bfbe-c518473bff80}</UniqueIdentifier>
    </Filter>
    <Filter Include="Packet\Proto">
      <UniqueIdentifier>{40324a6b-a68e-4b8a-9ba9-8c8b2ca98fdd}</UniqueIdentifier>
    </Filter>
  </ItemGroup>
  <ItemGroup>
    <Text Include="ReadMe.txt" />
  </ItemGroup>
  <ItemGroup>
    <ClInclude Include="ThreadRegister.hpp">
      <Filter>Common</Filter>
    </ClInclude>
    <ClInclude Include="ThreadRegister.h">
      <Filter>Common</Filter>
    </ClInclude>
    <ClInclude Include="Singleton.h">
      <Filter>Common</Filter>
    </ClInclude>
    <ClInclude Include="SerialGenerator.h">
      <Filter>Common</Filter>
    </ClInclude>
    <ClInclude Include="PacketHeder.h">
      <Filter>Common</Filter>
    </ClInclude>
    <ClInclude Include="Define.h">
      <Filter>Common</Filter>
    </ClInclude>
    <ClInclude Include="CacheManager.h">
      <Filter>Common\MemoryPool</Filter>
    </ClInclude>
    <ClInclude Include="CacheObject.h">
      <Filter>Common\MemoryPool</Filter>
    </ClInclude>
    <ClInclude Include="VirtualMemoryPool.h">
      <Filter>Common\MemoryPool</Filter>
    </ClInclude>
    <ClInclude Include="VirtualMemoryPool.hpp">
      <Filter>Common\MemoryPool</Filter>
    </ClInclude>
    <ClInclude Include="VirtualPoolObject.h">
      <Filter>Common\MemoryPool</Filter>
    </ClInclude>
    <ClInclude Include="..\MyTestServer\ScopePoolObj.h">
      <Filter>Common\MemoryPool</Filter>
    </ClInclude>
    <ClInclude Include="stdafx.h" />
    <ClInclude Include="targetver.h" />
    <ClInclude Include="..\Packet\sample.pb.h">
      <Filter>Packet</Filter>
    </ClInclude>
    <ClInclude Include="..\Packet\types.pb.h">
      <Filter>Packet</Filter>
    </ClInclude>
    <ClInclude Include="PoolObjectStruct.h">
      <Filter>Common\MemoryPool</Filter>
    </ClInclude>
  </ItemGroup>
  <ItemGroup>
    <ClCompile Include="SerialGenerator.cpp">
      <Filter>Common</Filter>
    </ClCompile>
    <ClCompile Include="CacheManager.hpp">
      <Filter>Common\MemoryPool</Filter>
    </ClCompile>
    <ClCompile Include="CacheObject.cpp">
      <Filter>Common\MemoryPool</Filter>
    </ClCompile>
    <ClCompile Include="VirtualPoolObject.cpp">
      <Filter>Common\MemoryPool</Filter>
    </ClCompile>
    <ClCompile Include="..\MyTestServer\ScopePoolObj.cpp">
      <Filter>Common\MemoryPool</Filter>
    </ClCompile>
    <ClCompile Include="stdafx.cpp" />
    <ClCompile Include="..\Packet\sample.pb.cc">
      <Filter>Packet</Filter>
    </ClCompile>
    <ClCompile Include="..\Packet\types.pb.cc">
      <Filter>Packet</Filter>
    </ClCompile>
  </ItemGroup>
  <ItemGroup>
    <None Include="..\Packet\proto\sample.proto">
      <Filter>Packet\Proto</Filter>
    </None>
    <None Include="..\Packet\proto\types.proto">
      <Filter>Packet\Proto</Filter>
    </None>
  </ItemGroup>
</Project>