
Microsoft Visual Studio Solution File, Format Version 11.00
# Visual Studio 2010
Project("{8BC9CEB8-8B4A-11D0-8D11-00A0C91BC942}") = "TCPServer_Variable", "TCPServer_Variable.vcxproj", "{832D9C21-BD50-417D-8404-8925F4E45BB1}"
EndProject
Global
	GlobalSection(SolutionConfigurationPlatforms) = preSolution
		Debug|Win32 = Debug|Win32
		Release|Win32 = Release|Win32
	EndGlobalSection
	GlobalSection(ProjectConfigurationPlatforms) = postSolution
		{832D9C21-BD50-417D-8404-8925F4E45BB1}.Debug|Win32.ActiveCfg = Debug|Win32
		{832D9C21-BD50-417D-8404-8925F4E45BB1}.Debug|Win32.Build.0 = Debug|Win32
		{832D9C21-BD50-417D-8404-8925F4E45BB1}.Release|Win32.ActiveCfg = Release|Win32
		{832D9C21-BD50-417D-8404-8925F4E45BB1}.Release|Win32.Build.0 = Release|Win32
	EndGlobalSection
	GlobalSection(SolutionProperties) = preSolution
		HideSolutionNode = FALSE
	EndGlobalSection
EndGlobal
