<?xml version="1.0" encoding="utf-8"?>
<Project ToolsVersion="4.0" xmlns="http://schemas.microsoft.com/developer/msbuild/2003">
  <ItemGroup>
    <ClCompile Include="main.cpp" />
    <ClCompile Include="tcpCoroutine.cpp" />
    <ClCompile Include="PacketDefinition.cpp" />
    <ClCompile Include="RoomManager.cpp" />
  </ItemGroup>
  <ItemGroup>
    <ClInclude Include="pch.h" />
    <ClInclude Include="tcpCoroutine.h" />
    <ClInclude Include="PacketDefinition.h" />
    <ClInclude Include="RoomManager.h" />
  </ItemGroup>
</Project>