
Microsoft Visual Studio Solution File, Format Version 11.00
# Visual Studio 2010
Project("{8BC9CEB8-8B4A-11D0-8D11-00A0C91BC942}") = "ByteOrder", "ByteOrder.vcxproj", "{21ECDF2B-D54C-4CCE-8ECB-C4287339EAEE}"
EndProject
Global
	GlobalSection(SolutionConfigurationPlatforms) = preSolution
		Debug|Win32 = Debug|Win32
		Release|Win32 = Release|Win32
	EndGlobalSection
	GlobalSection(ProjectConfigurationPlatforms) = postSolution
		{21ECDF2B-D54C-4CCE-8ECB-C4287339EAEE}.Debug|Win32.ActiveCfg = Debug|Win32
		{21ECDF2B-D54C-4CCE-8ECB-C4287339EAEE}.Debug|Win32.Build.0 = Debug|Win32
		{21ECDF2B-D54C-4CCE-8ECB-C4287339EAEE}.Release|Win32.ActiveCfg = Release|Win32
		{21ECDF2B-D54C-4CCE-8ECB-C4287339EAEE}.Release|Win32.Build.0 = Release|Win32
	EndGlobalSection
	GlobalSection(SolutionProperties) = preSolution
		HideSolutionNode = FALSE
	EndGlobalSection
EndGlobal
