<?xml version="1.0" encoding="utf-8"?>
<Project ToolsVersion="4.0" xmlns="http://schemas.microsoft.com/developer/msbuild/2003">
  <ItemGroup>
    <Filter Include="Network">
      <UniqueIdentifier>{23d73246-c818-43e4-9119-5b25e96b207b}</UniqueIdentifier>
    </Filter>
  </ItemGroup>
  <ItemGroup>
    <Text Include="ReadMe.txt" />
  </ItemGroup>
  <ItemGroup>
    <ClInclude Include="Connector.h">
      <Filter>Network</Filter>
    </ClInclude>
    <ClInclude Include="Session.h">
      <Filter>Network</Filter>
    </ClInclude>
    <ClInclude Include="Receiver.h">
      <Filter>Network</Filter>
    </ClInclude>
    <ClInclude Include="Sender.h">
      <Filter>Network</Filter>
    </ClInclude>
    <ClInclude Include="MessageContext.h" />
    <ClInclude Include="stdafx.h" />
    <ClInclude Include="targetver.h" />
  </ItemGroup>
  <ItemGroup>
    <ClCompile Include="Connector.cpp">
      <Filter>Network</Filter>
    </ClCompile>
    <ClCompile Include="Session.cpp">
      <Filter>Network</Filter>
    </ClCompile>
    <ClCompile Include="Receiver.cpp">
      <Filter>Network</Filter>
    </ClCompile>
    <ClCompile Include="Sender.cpp">
      <Filter>Network</Filter>
    </ClCompile>
    <ClCompile Include="MessageContext.cpp" />
    <ClCompile Include="MyTestClient.cpp" />
    <ClCompile Include="stdafx.cpp" />
  </ItemGroup>
</Project>