
Microsoft Visual Studio Solution File, Format Version 12.00
# Visual Studio 14
VisualStudioVersion = 14.0.25420.1
MinimumVisualStudioVersion = 10.0.40219.1
Project("{8BC9CEB8-8B4A-11D0-8D11-00A0C91BC942}") = "MyTestServer", "MyTestServer\MyTestServer.vcxproj", "{29112EE9-B9EB-4DCA-B6D9-14430990EF69}"
	ProjectSection(ProjectDependencies) = postProject
		{A7158662-4072-4D52-9840-0C60D74770C7} = {A7158662-4072-4D52-9840-0C60D74770C7}
		{18FEE2AD-04A0-0D84-ED5A-21D8D99B94D4} = {18FEE2AD-04A0-0D84-ED5A-21D8D99B94D4}
	EndProjectSection
EndProject
Project("{8BC9CEB8-8B4A-11D0-8D11-00A0C91BC942}") = "MyTestClient", "MyTestClient\MyTestClient.vcxproj", "{B69B693F-4D17-483C-9E71-181E7D4A4885}"
	ProjectSection(ProjectDependencies) = postProject
		{460C052A-5943-49DA-A931-CCE469AB736F} = {460C052A-5943-49DA-A931-CCE469AB736F}
	EndProjectSection
EndProject
Project("{8BC9CEB8-8B4A-11D0-8D11-00A0C91BC942}") = "Detour", "ThirdParties\recastnavi\prj\Detour.vcxproj", "{18FEE2AD-04A0-0D84-ED5A-21D8D99B94D4}"
EndProject
Project("{2150E333-8FDC-42A3-9474-1A3956D46DE8}") = "ThirdParties", "ThirdParties", "{646F9E04-2CA9-4DA5-BF82-0C34C946B456}"
EndProject
Project("{8BC9CEB8-8B4A-11D0-8D11-00A0C91BC942}") = "ServerCore", "ServerCore\ServerCore.vcxproj", "{A7158662-4072-4D52-9840-0C60D74770C7}"
	ProjectSection(ProjectDependencies) = postProject
		{460C052A-5943-49DA-A931-CCE469AB736F} = {460C052A-5943-49DA-A931-CCE469AB736F}
	EndProjectSection
EndProject
Project("{8BC9CEB8-8B4A-11D0-8D11-00A0C91BC942}") = "Common", "Common\Common.vcxproj", "{460C052A-5943-49DA-A931-CCE469AB736F}"
EndProject
Global
	GlobalSection(SolutionConfigurationPlatforms) = preSolution
		Debug|x64 = Debug|x64
		Debug|x86 = Debug|x86
		Release|x64 = Release|x64
		Release|x86 = Release|x86
	EndGlobalSection
	GlobalSection(ProjectConfigurationPlatforms) = postSolution
		{29112EE9-B9EB-4DCA-B6D9-14430990EF69}.Debug|x64.ActiveCfg = Debug|x64
		{29112EE9-B9EB-4DCA-B6D9-14430990EF69}.Debug|x64.Build.0 = Debug|x64
		{29112EE9-B9EB-4DCA-B6D9-14430990EF69}.Debug|x86.ActiveCfg = Debug|Win32
		{29112EE9-B9EB-4DCA-B6D9-14430990EF69}.Debug|x86.Build.0 = Debug|Win32
		{29112EE9-B9EB-4DCA-B6D9-14430990EF69}.Release|x64.ActiveCfg = Release|x64
		{29112EE9-B9EB-4DCA-B6D9-14430990EF69}.Release|x64.Build.0 = Release|x64
		{29112EE9-B9EB-4DCA-B6D9-14430990EF69}.Release|x86.ActiveCfg = Release|Win32
		{29112EE9-B9EB-4DCA-B6D9-14430990EF69}.Release|x86.Build.0 = Release|Win32
		{B69B693F-4D17-483C-9E71-181E7D4A4885}.Debug|x64.ActiveCfg = Debug|x64
		{B69B693F-4D17-483C-9E71-181E7D4A4885}.Debug|x64.Build.0 = Debug|x64
		{B69B693F-4D17-483C-9E71-181E7D4A4885}.Debug|x86.ActiveCfg = Debug|Win32
		{B69B693F-4D17-483C-9E71-181E7D4A4885}.Debug|x86.Build.0 = Debug|Win32
		{B69B693F-4D17-483C-9E71-181E7D4A4885}.Release|x64.ActiveCfg = Release|x64
		{B69B693F-4D17-483C-9E71-181E7D4A4885}.Release|x64.Build.0 = Release|x64
		{B69B693F-4D17-483C-9E71-181E7D4A4885}.Release|x86.ActiveCfg = Release|Win32
		{B69B693F-4D17-483C-9E71-181E7D4A4885}.Release|x86.Build.0 = Release|Win32
		{18FEE2AD-04A0-0D84-ED5A-21D8D99B94D4}.Debug|x64.ActiveCfg = Debug|x64
		{18FEE2AD-04A0-0D84-ED5A-21D8D99B94D4}.Debug|x64.Build.0 = Debug|x64
		{18FEE2AD-04A0-0D84-ED5A-21D8D99B94D4}.Debug|x86.ActiveCfg = Debug|x64
		{18FEE2AD-04A0-0D84-ED5A-21D8D99B94D4}.Release|x64.ActiveCfg = Release|x64
		{18FEE2AD-04A0-0D84-ED5A-21D8D99B94D4}.Release|x64.Build.0 = Release|x64
		{18FEE2AD-04A0-0D84-ED5A-21D8D99B94D4}.Release|x86.ActiveCfg = Release|x64
		{A7158662-4072-4D52-9840-0C60D74770C7}.Debug|x64.ActiveCfg = Debug|x64
		{A7158662-4072-4D52-9840-0C60D74770C7}.Debug|x64.Build.0 = Debug|x64
		{A7158662-4072-4D52-9840-0C60D74770C7}.Debug|x86.ActiveCfg = Debug|Win32
		{A7158662-4072-4D52-9840-0C60D74770C7}.Debug|x86.Build.0 = Debug|Win32
		{A7158662-4072-4D52-9840-0C60D74770C7}.Release|x64.ActiveCfg = Release|x64
		{A7158662-4072-4D52-9840-0C60D74770C7}.Release|x64.Build.0 = Release|x64
		{A7158662-4072-4D52-9840-0C60D74770C7}.Release|x86.ActiveCfg = Release|Win32
		{A7158662-4072-4D52-9840-0C60D74770C7}.Release|x86.Build.0 = Release|Win32
		{460C052A-5943-49DA-A931-CCE469AB736F}.Debug|x64.ActiveCfg = Debug|x64
		{460C052A-5943-49DA-A931-CCE469AB736F}.Debug|x64.Build.0 = Debug|x64
		{460C052A-5943-49DA-A931-CCE469AB736F}.Debug|x86.ActiveCfg = Debug|Win32
		{460C052A-5943-49DA-A931-CCE469AB736F}.Debug|x86.Build.0 = Debug|Win32
		{460C052A-5943-49DA-A931-CCE469AB736F}.Release|x64.ActiveCfg = Release|x64
		{460C052A-5943-49DA-A931-CCE469AB736F}.Release|x64.Build.0 = Release|x64
		{460C052A-5943-49DA-A931-CCE469AB736F}.Release|x86.ActiveCfg = Release|Win32
		{460C052A-5943-49DA-A931-CCE469AB736F}.Release|x86.Build.0 = Release|Win32
	EndGlobalSection
	GlobalSection(SolutionProperties) = preSolution
		HideSolutionNode = FALSE
	EndGlobalSection
	GlobalSection(NestedProjects) = preSolution
		{18FEE2AD-04A0-0D84-ED5A-21D8D99B94D4} = {646F9E04-2CA9-4DA5-BF82-0C34C946B456}
	EndGlobalSection
EndGlobal
