<?xml version="1.0" encoding="utf-8"?>
<Project ToolsVersion="4.0" xmlns="http://schemas.microsoft.com/developer/msbuild/2003">
  <ItemGroup>
    <Filter Include="uv">
      <UniqueIdentifier>{4FC737F1-C7A5-4376-A066-2A32D752A2FF}</UniqueIdentifier>
      <Extensions>cpp;c;cc;cxx;def;odl;idl;hpj;bat;asm;asmx</Extensions>
    </Filter>
    <Filter Include="uv\http">
      <UniqueIdentifier>{fc73e1c0-75f6-4c42-98f3-192491db584f}</UniqueIdentifier>
    </Filter>
    <Filter Include="include">
      <UniqueIdentifier>{465d7c6e-f122-43f9-b76e-350c30b796a3}</UniqueIdentifier>
    </Filter>
  </ItemGroup>
  <ItemGroup>
    <ClCompile Include="..\..\..\uv\Async.cpp">
      <Filter>uv</Filter>
    </ClCompile>
    <ClCompile Include="..\..\..\uv\CycleBuffer.cpp">
      <Filter>uv</Filter>
    </ClCompile>
    <ClCompile Include="..\..\..\uv\EventLoop.cpp">
      <Filter>uv</Filter>
    </ClCompile>
    <ClCompile Include="..\..\..\uv\GlobalConfig.cpp">
      <Filter>uv</Filter>
    </ClCompile>
    <ClCompile Include="..\..\..\uv\Idle.cpp">
      <Filter>uv</Filter>
    </ClCompile>
    <ClCompile Include="..\..\..\uv\ListBuffer.cpp">
      <Filter>uv</Filter>
    </ClCompile>
    <ClCompile Include="..\..\..\uv\LogWriter.cpp">
      <Filter>uv</Filter>
    </ClCompile>
    <ClCompile Include="..\..\..\uv\Packet.cpp">
      <Filter>uv</Filter>
    </ClCompile>
    <ClCompile Include="..\..\..\uv\Signal.cpp">
      <Filter>uv</Filter>
    </ClCompile>
    <ClCompile Include="..\..\..\uv\SocketAddr.cpp">
      <Filter>uv</Filter>
    </ClCompile>
    <ClCompile Include="..\..\..\uv\TcpAcceptor.cpp">
      <Filter>uv</Filter>
    </ClCompile>
    <ClCompile Include="..\..\..\uv\TcpClient.cpp">
      <Filter>uv</Filter>
    </ClCompile>
    <ClCompile Include="..\..\..\uv\TcpConnection.cpp">
      <Filter>uv</Filter>
    </ClCompile>
    <ClCompile Include="..\..\..\uv\TcpServer.cpp">
      <Filter>uv</Filter>
    </ClCompile>
    <ClCompile Include="..\..\..\uv\Timer.cpp">
      <Filter>uv</Filter>
    </ClCompile>
    <ClCompile Include="..\..\..\uv\Udp.cpp">
      <Filter>uv</Filter>
    </ClCompile>
    <ClCompile Include="..\..\..\uv\http\HttpClient.cpp">
      <Filter>uv\http</Filter>
    </ClCompile>
    <ClCompile Include="..\..\..\uv\http\HttpCommon.cpp">
      <Filter>uv\http</Filter>
    </ClCompile>
    <ClCompile Include="..\..\..\uv\http\HttpServer.cpp">
      <Filter>uv\http</Filter>
    </ClCompile>
    <ClCompile Include="..\..\..\uv\http\Request.cpp">
      <Filter>uv\http</Filter>
    </ClCompile>
    <ClCompile Include="..\..\..\uv\http\Response.cpp">
      <Filter>uv\http</Filter>
    </ClCompile>
    <ClCompile Include="..\..\..\uv\DnsGet.cpp">
      <Filter>uv</Filter>
    </ClCompile>
  </ItemGroup>
  <ItemGroup>
    <ClInclude Include="..\..\..\uv\include\Async.hpp">
      <Filter>include</Filter>
    </ClInclude>
    <ClInclude Include="..\..\..\uv\include\CycleBuffer.hpp">
      <Filter>include</Filter>
    </ClInclude>
    <ClInclude Include="..\..\..\uv\include\DnsGet.hpp">
      <Filter>include</Filter>
    </ClInclude>
    <ClInclude Include="..\..\..\uv\include\EventLoop.hpp">
      <Filter>include</Filter>
    </ClInclude>
    <ClInclude Include="..\..\..\uv\include\GlobalConfig.hpp">
      <Filter>include</Filter>
    </ClInclude>
    <ClInclude Include="..\..\..\uv\include\Idle.hpp">
      <Filter>include</Filter>
    </ClInclude>
    <ClInclude Include="..\..\..\uv\include\ListBuffer.hpp">
      <Filter>include</Filter>
    </ClInclude>
    <ClInclude Include="..\..\..\uv\include\LogWriter.hpp">
      <Filter>include</Filter>
    </ClInclude>
    <ClInclude Include="..\..\..\uv\include\Packet.hpp">
      <Filter>include</Filter>
    </ClInclude>
    <ClInclude Include="..\..\..\uv\include\PacketBuffer.hpp">
      <Filter>include</Filter>
    </ClInclude>
    <ClInclude Include="..\..\..\uv\include\Signal.hpp">
      <Filter>include</Filter>
    </ClInclude>
    <ClInclude Include="..\..\..\uv\include\SocketAddr.hpp">
      <Filter>include</Filter>
    </ClInclude>
    <ClInclude Include="..\..\..\uv\include\TcpAcceptor.hpp">
      <Filter>include</Filter>
    </ClInclude>
    <ClInclude Include="..\..\..\uv\include\TcpClient.hpp">
      <Filter>include</Filter>
    </ClInclude>
    <ClInclude Include="..\..\..\uv\include\TcpConnection.hpp">
      <Filter>include</Filter>
    </ClInclude>
    <ClInclude Include="..\..\..\uv\include\TcpServer.hpp">
      <Filter>include</Filter>
    </ClInclude>
    <ClInclude Include="..\..\..\uv\include\Timer.hpp">
      <Filter>include</Filter>
    </ClInclude>
    <ClInclude Include="..\..\..\uv\include\TimerWheel.hpp">
      <Filter>include</Filter>
    </ClInclude>
    <ClInclude Include="..\..\..\uv\include\Udp.hpp">
      <Filter>include</Filter>
    </ClInclude>
    <ClInclude Include="..\..\..\uv\include\uv11.hpp">
      <Filter>include</Filter>
    </ClInclude>
  </ItemGroup>
</Project>