<?xml version="1.0" encoding="utf-8"?>
<Project ToolsVersion="4.0" xmlns="http://schemas.microsoft.com/developer/msbuild/2003">
  <ItemGroup>
    <Filter Include="소스 파일">
      <UniqueIdentifier>{4FC737F1-C7A5-4376-A066-2A32D752A2FF}</UniqueIdentifier>
      <Extensions>cpp;c;cc;cxx;c++;cppm;ixx;def;odl;idl;hpj;bat;asm;asmx</Extensions>
    </Filter>
    <Filter Include="헤더 파일">
      <UniqueIdentifier>{93995380-89BD-4b04-88EB-625FBE52EBFB}</UniqueIdentifier>
      <Extensions>h;hh;hpp;hxx;h++;hm;inl;inc;ipp;xsd</Extensions>
    </Filter>
    <Filter Include="리소스 파일">
      <UniqueIdentifier>{67DA6AB6-F800-4c08-8B7A-83BB121AAD01}</UniqueIdentifier>
      <Extensions>rc;ico;cur;bmp;dlg;rc2;rct;bin;rgs;gif;jpg;jpeg;jpe;resx;tiff;tif;png;wav;mfcribbon-ms</Extensions>
    </Filter>
  </ItemGroup>
  <ItemGroup>
    <ClCompile Include="Omok.cpp">
      <Filter>소스 파일</Filter>
    </ClCompile>
    <ClCompile Include="OmokServer.cpp">
      <Filter>소스 파일</Filter>
    </ClCompile>
    <ClCompile Include="PacketProcess.cpp">
      <Filter>소스 파일</Filter>
    </ClCompile>
    <ClCompile Include="PacketProcessGamePut.cpp">
      <Filter>소스 파일</Filter>
    </ClCompile>
    <ClCompile Include="PacketProcessGameReady.cpp">
      <Filter>소스 파일</Filter>
    </ClCompile>
    <ClCompile Include="PacketProcessLogin.cpp">
      <Filter>소스 파일</Filter>
    </ClCompile>
    <ClCompile Include="PacketProcessMatch.cpp">
      <Filter>소스 파일</Filter>
    </ClCompile>
    <ClCompile Include="PacketProcessRoom.cpp">
      <Filter>소스 파일</Filter>
    </ClCompile>
    <ClCompile Include="Room.cpp">
      <Filter>소스 파일</Filter>
    </ClCompile>
    <ClCompile Include="RoomManager.cpp">
      <Filter>소스 파일</Filter>
    </ClCompile>
    <ClCompile Include="UserManager.cpp">
      <Filter>소스 파일</Filter>
    </ClCompile>
    <ClCompile Include="RedisHandler.cpp">
      <Filter>소스 파일</Filter>
    </ClCompile>
    <ClCompile Include="RedisManager.cpp">
      <Filter>소스 파일</Filter>
    </ClCompile>
  </ItemGroup>
  <ItemGroup>
    <ClInclude Include="Room.h">
      <Filter>헤더 파일</Filter>
    </ClInclude>
    <ClInclude Include="RoomManager.h">
      <Filter>헤더 파일</Filter>
    </ClInclude>
    <ClInclude Include="User.h">
      <Filter>헤더 파일</Filter>
    </ClInclude>
    <ClInclude Include="UserManager.h">
      <Filter>헤더 파일</Filter>
    </ClInclude>
    <ClInclude Include="ErrorCode.h">
      <Filter>헤더 파일</Filter>
    </ClInclude>
    <ClInclude Include="Omok.h">
      <Filter>헤더 파일</Filter>
    </ClInclude>
    <ClInclude Include="OmokLogic.h">
      <Filter>헤더 파일</Filter>
    </ClInclude>
    <ClInclude Include="OmokPanPoint.h">
      <Filter>헤더 파일</Filter>
    </ClInclude>
    <ClInclude Include="OmokServer.h">
      <Filter>헤더 파일</Filter>
    </ClInclude>
    <ClInclude Include="PacketDef.h">
      <Filter>헤더 파일</Filter>
    </ClInclude>
    <ClInclude Include="PacketID.h">
      <Filter>헤더 파일</Filter>
    </ClInclude>
    <ClInclude Include="PacketProcess.h">
      <Filter>헤더 파일</Filter>
    </ClInclude>
    <ClInclude Include="RedisProtocol.h">
      <Filter>헤더 파일</Filter>
    </ClInclude>
    <ClInclude Include="RedisHandler.h">
      <Filter>헤더 파일</Filter>
    </ClInclude>
    <ClInclude Include="RedisManager.h">
      <Filter>헤더 파일</Filter>
    </ClInclude>
  </ItemGroup>
</Project>