Microsoft Visual Studio Solution File, Format Version 11.00
# Visual Studio 2010
Project("{8BC9CEB8-8B4A-11D0-8D11-00A0C91BC942}") = "TestClient", "TestClient\TestClient_vc10.vcxproj", "{44DBA93E-4B56-41ED-BA52-8C7B473B3ADA}"
	ProjectSection(ProjectDependencies) = postProject
		{42B15F66-B15C-4454-BBC8-749AC8BFC31E} = {42B15F66-B15C-4454-BBC8-749AC8BFC31E}
	EndProjectSection
EndProject
Project("{8BC9CEB8-8B4A-11D0-8D11-00A0C91BC942}") = "TestServer", "TestServer\TestServer_vc10.vcxproj", "{9F972F4B-E336-46D9-9307-A04C4BEDA6C0}"
	ProjectSection(ProjectDependencies) = postProject
		{42B15F66-B15C-4454-BBC8-749AC8BFC31E} = {42B15F66-B15C-4454-BBC8-749AC8BFC31E}
	EndProjectSection
EndProject
Project("{8BC9CEB8-8B4A-11D0-8D11-00A0C91BC942}") = "Testcase", "Testcase\Testcase_vc10.vcxproj", "{2403D014-A2EB-4A7A-882A-6A382E6A35DD}"
EndProject
Project("{8BC9CEB8-8B4A-11D0-8D11-00A0C91BC942}") = "StressClient", "StressClient\StressClient_vc10.vcxproj", "{98922F83-9162-41D5-82B6-1EDD091B59D2}"
EndProject
Project("{8BC9CEB8-8B4A-11D0-8D11-00A0C91BC942}") = "HalfNetwork", "HalfNetwork\HalfNetwork_vc10.vcxproj", "{42B15F66-B15C-4454-BBC8-749AC8BFC31E}"
EndProject
Global
	GlobalSection(SolutionConfigurationPlatforms) = preSolution
		Debug|Win32 = Debug|Win32
		Debug|x64 = Debug|x64
		DebugMDd|Win32 = DebugMDd|Win32
		DebugMDd|x64 = DebugMDd|x64
		Release|Win32 = Release|Win32
		Release|x64 = Release|x64
		ReleaseMD|Win32 = ReleaseMD|Win32
		ReleaseMD|x64 = ReleaseMD|x64
	EndGlobalSection
	GlobalSection(ProjectConfigurationPlatforms) = postSolution
		{44DBA93E-4B56-41ED-BA52-8C7B473B3ADA}.Debug|Win32.ActiveCfg = Debug|Win32
		{44DBA93E-4B56-41ED-BA52-8C7B473B3ADA}.Debug|Win32.Build.0 = Debug|Win32
		{44DBA93E-4B56-41ED-BA52-8C7B473B3ADA}.Debug|x64.ActiveCfg = Debug|x64
		{44DBA93E-4B56-41ED-BA52-8C7B473B3ADA}.Debug|x64.Build.0 = Debug|x64
		{44DBA93E-4B56-41ED-BA52-8C7B473B3ADA}.DebugMDd|Win32.ActiveCfg = DebugMDd|Win32
		{44DBA93E-4B56-41ED-BA52-8C7B473B3ADA}.DebugMDd|Win32.Build.0 = DebugMDd|Win32
		{44DBA93E-4B56-41ED-BA52-8C7B473B3ADA}.DebugMDd|x64.ActiveCfg = DebugMDd|x64
		{44DBA93E-4B56-41ED-BA52-8C7B473B3ADA}.DebugMDd|x64.Build.0 = DebugMDd|x64
		{44DBA93E-4B56-41ED-BA52-8C7B473B3ADA}.Release|Win32.ActiveCfg = Release|Win32
		{44DBA93E-4B56-41ED-BA52-8C7B473B3ADA}.Release|Win32.Build.0 = Release|Win32
		{44DBA93E-4B56-41ED-BA52-8C7B473B3ADA}.Release|x64.ActiveCfg = Release|x64
		{44DBA93E-4B56-41ED-BA52-8C7B473B3ADA}.Release|x64.Build.0 = Release|x64
		{44DBA93E-4B56-41ED-BA52-8C7B473B3ADA}.ReleaseMD|Win32.ActiveCfg = ReleaseMD|Win32
		{44DBA93E-4B56-41ED-BA52-8C7B473B3ADA}.ReleaseMD|Win32.Build.0 = ReleaseMD|Win32
		{44DBA93E-4B56-41ED-BA52-8C7B473B3ADA}.ReleaseMD|x64.ActiveCfg = ReleaseMD|x64
		{44DBA93E-4B56-41ED-BA52-8C7B473B3ADA}.ReleaseMD|x64.Build.0 = ReleaseMD|x64
		{9F972F4B-E336-46D9-9307-A04C4BEDA6C0}.Debug|Win32.ActiveCfg = Debug|Win32
		{9F972F4B-E336-46D9-9307-A04C4BEDA6C0}.Debug|Win32.Build.0 = Debug|Win32
		{9F972F4B-E336-46D9-9307-A04C4BEDA6C0}.Debug|x64.ActiveCfg = Debug|x64
		{9F972F4B-E336-46D9-9307-A04C4BEDA6C0}.Debug|x64.Build.0 = Debug|x64
		{9F972F4B-E336-46D9-9307-A04C4BEDA6C0}.DebugMDd|Win32.ActiveCfg = DebugMDd|Win32
		{9F972F4B-E336-46D9-9307-A04C4BEDA6C0}.DebugMDd|Win32.Build.0 = DebugMDd|Win32
		{9F972F4B-E336-46D9-9307-A04C4BEDA6C0}.DebugMDd|x64.ActiveCfg = DebugMDd|x64
		{9F972F4B-E336-46D9-9307-A04C4BEDA6C0}.DebugMDd|x64.Build.0 = DebugMDd|x64
		{9F972F4B-E336-46D9-9307-A04C4BEDA6C0}.Release|Win32.ActiveCfg = Release|Win32
		{9F972F4B-E336-46D9-9307-A04C4BEDA6C0}.Release|Win32.Build.0 = Release|Win32
		{9F972F4B-E336-46D9-9307-A04C4BEDA6C0}.Release|x64.ActiveCfg = Release|x64
		{9F972F4B-E336-46D9-9307-A04C4BEDA6C0}.Release|x64.Build.0 = Release|x64
		{9F972F4B-E336-46D9-9307-A04C4BEDA6C0}.ReleaseMD|Win32.ActiveCfg = ReleaseMD|Win32
		{9F972F4B-E336-46D9-9307-A04C4BEDA6C0}.ReleaseMD|Win32.Build.0 = ReleaseMD|Win32
		{9F972F4B-E336-46D9-9307-A04C4BEDA6C0}.ReleaseMD|x64.ActiveCfg = ReleaseMD|x64
		{9F972F4B-E336-46D9-9307-A04C4BEDA6C0}.ReleaseMD|x64.Build.0 = ReleaseMD|x64
		{2403D014-A2EB-4A7A-882A-6A382E6A35DD}.Debug|Win32.ActiveCfg = Debug|Win32
		{2403D014-A2EB-4A7A-882A-6A382E6A35DD}.Debug|Win32.Build.0 = Debug|Win32
		{2403D014-A2EB-4A7A-882A-6A382E6A35DD}.Debug|x64.ActiveCfg = Debug|x64
		{2403D014-A2EB-4A7A-882A-6A382E6A35DD}.Debug|x64.Build.0 = Debug|x64
		{2403D014-A2EB-4A7A-882A-6A382E6A35DD}.DebugMDd|Win32.ActiveCfg = DebugMDd|Win32
		{2403D014-A2EB-4A7A-882A-6A382E6A35DD}.DebugMDd|Win32.Build.0 = DebugMDd|Win32
		{2403D014-A2EB-4A7A-882A-6A382E6A35DD}.DebugMDd|x64.ActiveCfg = DebugMDd|x64
		{2403D014-A2EB-4A7A-882A-6A382E6A35DD}.DebugMDd|x64.Build.0 = DebugMDd|x64
		{2403D014-A2EB-4A7A-882A-6A382E6A35DD}.Release|Win32.ActiveCfg = Release|Win32
		{2403D014-A2EB-4A7A-882A-6A382E6A35DD}.Release|Win32.Build.0 = Release|Win32
		{2403D014-A2EB-4A7A-882A-6A382E6A35DD}.Release|x64.ActiveCfg = Release|x64
		{2403D014-A2EB-4A7A-882A-6A382E6A35DD}.Release|x64.Build.0 = Release|x64
		{2403D014-A2EB-4A7A-882A-6A382E6A35DD}.ReleaseMD|Win32.ActiveCfg = ReleaseMD|Win32
		{2403D014-A2EB-4A7A-882A-6A382E6A35DD}.ReleaseMD|Win32.Build.0 = ReleaseMD|Win32
		{2403D014-A2EB-4A7A-882A-6A382E6A35DD}.ReleaseMD|x64.ActiveCfg = ReleaseMD|x64
		{2403D014-A2EB-4A7A-882A-6A382E6A35DD}.ReleaseMD|x64.Build.0 = ReleaseMD|x64
		{98922F83-9162-41D5-82B6-1EDD091B59D2}.Debug|Win32.ActiveCfg = Debug|Win32
		{98922F83-9162-41D5-82B6-1EDD091B59D2}.Debug|Win32.Build.0 = Debug|Win32
		{98922F83-9162-41D5-82B6-1EDD091B59D2}.Debug|x64.ActiveCfg = Debug|x64
		{98922F83-9162-41D5-82B6-1EDD091B59D2}.Debug|x64.Build.0 = Debug|x64
		{98922F83-9162-41D5-82B6-1EDD091B59D2}.DebugMDd|Win32.ActiveCfg = DebugMDd|Win32
		{98922F83-9162-41D5-82B6-1EDD091B59D2}.DebugMDd|Win32.Build.0 = DebugMDd|Win32
		{98922F83-9162-41D5-82B6-1EDD091B59D2}.DebugMDd|x64.ActiveCfg = DebugMDd|x64
		{98922F83-9162-41D5-82B6-1EDD091B59D2}.DebugMDd|x64.Build.0 = DebugMDd|x64
		{98922F83-9162-41D5-82B6-1EDD091B59D2}.Release|Win32.ActiveCfg = Release|Win32
		{98922F83-9162-41D5-82B6-1EDD091B59D2}.Release|Win32.Build.0 = Release|Win32
		{98922F83-9162-41D5-82B6-1EDD091B59D2}.Release|x64.ActiveCfg = Release|Win32
		{98922F83-9162-41D5-82B6-1EDD091B59D2}.ReleaseMD|Win32.ActiveCfg = ReleaseMD|Win32
		{98922F83-9162-41D5-82B6-1EDD091B59D2}.ReleaseMD|Win32.Build.0 = ReleaseMD|Win32
		{98922F83-9162-41D5-82B6-1EDD091B59D2}.ReleaseMD|x64.ActiveCfg = ReleaseMD|x64
		{98922F83-9162-41D5-82B6-1EDD091B59D2}.ReleaseMD|x64.Build.0 = ReleaseMD|x64
		{42B15F66-B15C-4454-BBC8-749AC8BFC31E}.Debug|Win32.ActiveCfg = Debug|Win32
		{42B15F66-B15C-4454-BBC8-749AC8BFC31E}.Debug|Win32.Build.0 = Debug|Win32
		{42B15F66-B15C-4454-BBC8-749AC8BFC31E}.Debug|x64.ActiveCfg = Debug|x64
		{42B15F66-B15C-4454-BBC8-749AC8BFC31E}.Debug|x64.Build.0 = Debug|x64
		{42B15F66-B15C-4454-BBC8-749AC8BFC31E}.DebugMDd|Win32.ActiveCfg = DebugMDd|Win32
		{42B15F66-B15C-4454-BBC8-749AC8BFC31E}.DebugMDd|Win32.Build.0 = DebugMDd|Win32
		{42B15F66-B15C-4454-BBC8-749AC8BFC31E}.DebugMDd|x64.ActiveCfg = DebugMDd|x64
		{42B15F66-B15C-4454-BBC8-749AC8BFC31E}.DebugMDd|x64.Build.0 = DebugMDd|x64
		{42B15F66-B15C-4454-BBC8-749AC8BFC31E}.Release|Win32.ActiveCfg = Release|Win32
		{42B15F66-B15C-4454-BBC8-749AC8BFC31E}.Release|Win32.Build.0 = Release|Win32
		{42B15F66-B15C-4454-BBC8-749AC8BFC31E}.Release|x64.ActiveCfg = Release|x64
		{42B15F66-B15C-4454-BBC8-749AC8BFC31E}.Release|x64.Build.0 = Release|x64
		{42B15F66-B15C-4454-BBC8-749AC8BFC31E}.ReleaseMD|Win32.ActiveCfg = ReleaseMD|Win32
		{42B15F66-B15C-4454-BBC8-749AC8BFC31E}.ReleaseMD|Win32.Build.0 = ReleaseMD|Win32
		{42B15F66-B15C-4454-BBC8-749AC8BFC31E}.ReleaseMD|x64.ActiveCfg = ReleaseMD|x64
		{42B15F66-B15C-4454-BBC8-749AC8BFC31E}.ReleaseMD|x64.Build.0 = ReleaseMD|x64
	EndGlobalSection
	GlobalSection(SolutionProperties) = preSolution
		HideSolutionNode = FALSE
	EndGlobalSection
EndGlobal
