
Microsoft Visual Studio Solution File, Format Version 10.00
# Visual Studio 2008
Project("{8BC9CEB8-8B4A-11D0-8D11-00A0C91BC942}") = "HalfNetwork", "HalfNetwork\HalfNetwork_vc9.vcproj", "{42B15F66-B15C-4454-BBC8-749AC8BFC31E}"
EndProject
Project("{8BC9CEB8-8B4A-11D0-8D11-00A0C91BC942}") = "TestClient", "TestClient\TestClient_vc9.vcproj", "{44DBA93E-4B56-41ED-BA52-8C7B473B3ADA}"
	ProjectSection(ProjectDependencies) = postProject
		{42B15F66-B15C-4454-BBC8-749AC8BFC31E} = {42B15F66-B15C-4454-BBC8-749AC8BFC31E}
	EndProjectSection
EndProject
Project("{8BC9CEB8-8B4A-11D0-8D11-00A0C91BC942}") = "TestServer", "TestServer\TestServer_vc9.vcproj", "{9F972F4B-E336-46D9-9307-A04C4BEDA6C0}"
	ProjectSection(ProjectDependencies) = postProject
		{42B15F66-B15C-4454-BBC8-749AC8BFC31E} = {42B15F66-B15C-4454-BBC8-749AC8BFC31E}
	EndProjectSection
EndProject
Project("{8BC9CEB8-8B4A-11D0-8D11-00A0C91BC942}") = "Testcase", "Testcase\Testcase_vc9.vcproj", "{2403D014-A2EB-4A7A-882A-6A382E6A35DD}"
	ProjectSection(ProjectDependencies) = postProject
		{42B15F66-B15C-4454-BBC8-749AC8BFC31E} = {42B15F66-B15C-4454-BBC8-749AC8BFC31E}
	EndProjectSection
EndProject
Project("{8BC9CEB8-8B4A-11D0-8D11-00A0C91BC942}") = "StressClient", "StressClient\StressClient_vc9.vcproj", "{98922F83-9162-41D5-82B6-1EDD091B59D2}"
	ProjectSection(ProjectDependencies) = postProject
		{42B15F66-B15C-4454-BBC8-749AC8BFC31E} = {42B15F66-B15C-4454-BBC8-749AC8BFC31E}
	EndProjectSection
EndProject
Global
	GlobalSection(SolutionConfigurationPlatforms) = preSolution
		Debug|Win32 = Debug|Win32
		Debug|x64 = Debug|x64
		Release|Win32 = Release|Win32
		Release|x64 = Release|x64
	EndGlobalSection
	GlobalSection(ProjectConfigurationPlatforms) = postSolution
		{42B15F66-B15C-4454-BBC8-749AC8BFC31E}.Debug|Win32.ActiveCfg = Debug|Win32
		{42B15F66-B15C-4454-BBC8-749AC8BFC31E}.Debug|Win32.Build.0 = Debug|Win32
		{42B15F66-B15C-4454-BBC8-749AC8BFC31E}.Debug|x64.ActiveCfg = Debug|x64
		{42B15F66-B15C-4454-BBC8-749AC8BFC31E}.Debug|x64.Build.0 = Debug|x64
		{42B15F66-B15C-4454-BBC8-749AC8BFC31E}.Release|Win32.ActiveCfg = Release|Win32
		{42B15F66-B15C-4454-BBC8-749AC8BFC31E}.Release|Win32.Build.0 = Release|Win32
		{42B15F66-B15C-4454-BBC8-749AC8BFC31E}.Release|x64.ActiveCfg = Release|x64
		{42B15F66-B15C-4454-BBC8-749AC8BFC31E}.Release|x64.Build.0 = Release|x64
		{44DBA93E-4B56-41ED-BA52-8C7B473B3ADA}.Debug|Win32.ActiveCfg = Debug|Win32
		{44DBA93E-4B56-41ED-BA52-8C7B473B3ADA}.Debug|Win32.Build.0 = Debug|Win32
		{44DBA93E-4B56-41ED-BA52-8C7B473B3ADA}.Debug|x64.ActiveCfg = Debug|x64
		{44DBA93E-4B56-41ED-BA52-8C7B473B3ADA}.Debug|x64.Build.0 = Debug|x64
		{44DBA93E-4B56-41ED-BA52-8C7B473B3ADA}.Release|Win32.ActiveCfg = Release|Win32
		{44DBA93E-4B56-41ED-BA52-8C7B473B3ADA}.Release|Win32.Build.0 = Release|Win32
		{44DBA93E-4B56-41ED-BA52-8C7B473B3ADA}.Release|x64.ActiveCfg = Release|x64
		{44DBA93E-4B56-41ED-BA52-8C7B473B3ADA}.Release|x64.Build.0 = Release|x64
		{9F972F4B-E336-46D9-9307-A04C4BEDA6C0}.Debug|Win32.ActiveCfg = Debug|Win32
		{9F972F4B-E336-46D9-9307-A04C4BEDA6C0}.Debug|Win32.Build.0 = Debug|Win32
		{9F972F4B-E336-46D9-9307-A04C4BEDA6C0}.Debug|x64.ActiveCfg = Debug|x64
		{9F972F4B-E336-46D9-9307-A04C4BEDA6C0}.Debug|x64.Build.0 = Debug|x64
		{9F972F4B-E336-46D9-9307-A04C4BEDA6C0}.Release|Win32.ActiveCfg = Release|Win32
		{9F972F4B-E336-46D9-9307-A04C4BEDA6C0}.Release|Win32.Build.0 = Release|Win32
		{9F972F4B-E336-46D9-9307-A04C4BEDA6C0}.Release|x64.ActiveCfg = Release|x64
		{9F972F4B-E336-46D9-9307-A04C4BEDA6C0}.Release|x64.Build.0 = Release|x64
		{2403D014-A2EB-4A7A-882A-6A382E6A35DD}.Debug|Win32.ActiveCfg = Debug|Win32
		{2403D014-A2EB-4A7A-882A-6A382E6A35DD}.Debug|Win32.Build.0 = Debug|Win32
		{2403D014-A2EB-4A7A-882A-6A382E6A35DD}.Debug|x64.ActiveCfg = Debug|x64
		{2403D014-A2EB-4A7A-882A-6A382E6A35DD}.Debug|x64.Build.0 = Debug|x64
		{2403D014-A2EB-4A7A-882A-6A382E6A35DD}.Release|Win32.ActiveCfg = Release|Win32
		{2403D014-A2EB-4A7A-882A-6A382E6A35DD}.Release|Win32.Build.0 = Release|Win32
		{2403D014-A2EB-4A7A-882A-6A382E6A35DD}.Release|x64.ActiveCfg = Release|x64
		{2403D014-A2EB-4A7A-882A-6A382E6A35DD}.Release|x64.Build.0 = Release|x64
		{98922F83-9162-41D5-82B6-1EDD091B59D2}.Debug|Win32.ActiveCfg = Debug|Win32
		{98922F83-9162-41D5-82B6-1EDD091B59D2}.Debug|Win32.Build.0 = Debug|Win32
		{98922F83-9162-41D5-82B6-1EDD091B59D2}.Debug|x64.ActiveCfg = Debug|x64
		{98922F83-9162-41D5-82B6-1EDD091B59D2}.Debug|x64.Build.0 = Debug|x64
		{98922F83-9162-41D5-82B6-1EDD091B59D2}.Release|Win32.ActiveCfg = Release|Win32
		{98922F83-9162-41D5-82B6-1EDD091B59D2}.Release|Win32.Build.0 = Release|Win32
		{98922F83-9162-41D5-82B6-1EDD091B59D2}.Release|x64.ActiveCfg = Release|Win32
	EndGlobalSection
	GlobalSection(SolutionProperties) = preSolution
		HideSolutionNode = FALSE
	EndGlobalSection
EndGlobal
