
Microsoft Visual Studio Solution File, Format Version 11.00
# Visual Studio 2010
Project("{8BC9CEB8-8B4A-11D0-8D11-00A0C91BC942}") = "ExThread2", "ExThread2.vcxproj", "{450E6B8A-69C6-4080-937A-8CD62029C6D7}"
EndProject
Global
	GlobalSection(SolutionConfigurationPlatforms) = preSolution
		Debug|Win32 = Debug|Win32
		Release|Win32 = Release|Win32
	EndGlobalSection
	GlobalSection(ProjectConfigurationPlatforms) = postSolution
		{450E6B8A-69C6-4080-937A-8CD62029C6D7}.Debug|Win32.ActiveCfg = Debug|Win32
		{450E6B8A-69C6-4080-937A-8CD62029C6D7}.Debug|Win32.Build.0 = Debug|Win32
		{450E6B8A-69C6-4080-937A-8CD62029C6D7}.Release|Win32.ActiveCfg = Release|Win32
		{450E6B8A-69C6-4080-937A-8CD62029C6D7}.Release|Win32.Build.0 = Release|Win32
	EndGlobalSection
	GlobalSection(SolutionProperties) = preSolution
		HideSolutionNode = FALSE
	EndGlobalSection
EndGlobal
