<?xml version="1.0" encoding="utf-8"?>
<Project ToolsVersion="4.0" xmlns="http://schemas.microsoft.com/developer/msbuild/2003">
  <ItemGroup>
    <Filter Include="Common">
      <UniqueIdentifier>{d6b44f17-edfb-4935-8b13-95070bbf66f3}</UniqueIdentifier>
    </Filter>
    <Filter Include="Network">
      <UniqueIdentifier>{f929753c-e9a0-41b0-949f-8ec0304f71d1}</UniqueIdentifier>
    </Filter>
    <Filter Include="Server">
      <UniqueIdentifier>{4FC737F1-C7A5-4376-A066-2A32D752A2FF}</UniqueIdentifier>
      <Extensions>cpp;c;cc;cxx;def;odl;idl;hpj;bat;asm;asmx</Extensions>
    </Filter>
    <Filter Include="_Default">
      <UniqueIdentifier>{93995380-89BD-4b04-88EB-625FBE52EBFB}</UniqueIdentifier>
      <Extensions>h;hh;hpp;hxx;hm;inl;inc;ipp;xsd</Extensions>
    </Filter>
  </ItemGroup>
  <ItemGroup>
    <ClInclude Include="stdafx.h">
      <Filter>_Default</Filter>
    </ClInclude>
    <ClInclude Include="targetver.h">
      <Filter>_Default</Filter>
    </ClInclude>
    <ClInclude Include="..\..\Common\Common.h">
      <Filter>Common</Filter>
    </ClInclude>
    <ClInclude Include="..\..\Network\IOCPModule.h">
      <Filter>Network</Filter>
    </ClInclude>
    <ClInclude Include="..\..\Common\Protocol.h">
      <Filter>Common</Filter>
    </ClInclude>
    <ClInclude Include="..\..\Common\SessionData.h">
      <Filter>Common</Filter>
    </ClInclude>
    <ClInclude Include="..\..\Common\Lock.h">
      <Filter>Common</Filter>
    </ClInclude>
    <ClInclude Include="..\..\Common\SessionPool.h">
      <Filter>Common</Filter>
    </ClInclude>
    <ClInclude Include="..\..\Common\Thread.h">
      <Filter>Common</Filter>
    </ClInclude>
    <ClInclude Include="ServerManager.h">
      <Filter>Server</Filter>
    </ClInclude>
    <ClInclude Include="..\..\Network\InitialNetwork.h">
      <Filter>Network</Filter>
    </ClInclude>
    <ClInclude Include="..\..\Common\Struct.h">
      <Filter>Common</Filter>
    </ClInclude>
    <ClInclude Include="..\..\Common\Timer.h">
      <Filter>Common</Filter>
    </ClInclude>
    <ClInclude Include="..\..\Network\DB.h">
      <Filter>Network</Filter>
    </ClInclude>
  </ItemGroup>
  <ItemGroup>
    <ClCompile Include="Main.cpp">
      <Filter>Server</Filter>
    </ClCompile>
    <ClCompile Include="stdafx.cpp">
      <Filter>_Default</Filter>
    </ClCompile>
    <ClCompile Include="..\..\Network\IOCPModule.cpp">
      <Filter>Network</Filter>
    </ClCompile>
    <ClCompile Include="..\..\Common\SessionData.cpp">
      <Filter>Common</Filter>
    </ClCompile>
    <ClCompile Include="..\..\Common\SessionPool.cpp">
      <Filter>Common</Filter>
    </ClCompile>
    <ClCompile Include="..\..\Common\Thread.cpp">
      <Filter>Common</Filter>
    </ClCompile>
    <ClCompile Include="ServerManager.cpp">
      <Filter>Server</Filter>
    </ClCompile>
    <ClCompile Include="..\..\Common\Timer.cpp">
      <Filter>Common</Filter>
    </ClCompile>
    <ClCompile Include="..\..\Network\DB.cpp">
      <Filter>Network</Filter>
    </ClCompile>
    <ClCompile Include="SCPacket.cpp">
      <Filter>Server</Filter>
    </ClCompile>
    <ClCompile Include="CSPacket.cpp">
      <Filter>Server</Filter>
    </ClCompile>
  </ItemGroup>
</Project>