
Microsoft Visual Studio Solution File, Format Version 12.00
# Visual Studio Version 16
VisualStudioVersion = 16.0.28922.388
MinimumVisualStudioVersion = 10.0.40219.1
Project("{8BC9CEB8-8B4A-11D0-8D11-00A0C91BC942}") = "LoginServer", "LoginServer.vcxproj", "{24DC893D-3091-4A86-89C2-DD6DA82AFD03}"
EndProject
Project("{8BC9CEB8-8B4A-11D0-8D11-00A0C91BC942}") = "CQNetLib", "..\..\CQNetLib\CQNetLib.vcxproj", "{216E52BC-1E6D-4237-90DD-85B048B878BA}"
EndProject
Global
	GlobalSection(SolutionConfigurationPlatforms) = preSolution
		Debug|x64 = Debug|x64
		Debug|x86 = Debug|x86
		Debug64|x64 = Debug64|x64
		Debug64|x86 = Debug64|x86
		Release|x64 = Release|x64
		Release|x86 = Release|x86
		Release64|x64 = Release64|x64
		Release64|x86 = Release64|x86
	EndGlobalSection
	GlobalSection(ProjectConfigurationPlatforms) = postSolution
		{24DC893D-3091-4A86-89C2-DD6DA82AFD03}.Debug|x64.ActiveCfg = Debug|x64
		{24DC893D-3091-4A86-89C2-DD6DA82AFD03}.Debug|x64.Build.0 = Debug|x64
		{24DC893D-3091-4A86-89C2-DD6DA82AFD03}.Debug|x86.ActiveCfg = Debug|Win32
		{24DC893D-3091-4A86-89C2-DD6DA82AFD03}.Debug|x86.Build.0 = Debug|Win32
		{24DC893D-3091-4A86-89C2-DD6DA82AFD03}.Debug64|x64.ActiveCfg = Debug|x64
		{24DC893D-3091-4A86-89C2-DD6DA82AFD03}.Debug64|x64.Build.0 = Debug|x64
		{24DC893D-3091-4A86-89C2-DD6DA82AFD03}.Debug64|x86.ActiveCfg = Debug|Win32
		{24DC893D-3091-4A86-89C2-DD6DA82AFD03}.Debug64|x86.Build.0 = Debug|Win32
		{24DC893D-3091-4A86-89C2-DD6DA82AFD03}.Release|x64.ActiveCfg = Release|x64
		{24DC893D-3091-4A86-89C2-DD6DA82AFD03}.Release|x64.Build.0 = Release|x64
		{24DC893D-3091-4A86-89C2-DD6DA82AFD03}.Release|x86.ActiveCfg = Release|Win32
		{24DC893D-3091-4A86-89C2-DD6DA82AFD03}.Release|x86.Build.0 = Release|Win32
		{24DC893D-3091-4A86-89C2-DD6DA82AFD03}.Release64|x64.ActiveCfg = Release|x64
		{24DC893D-3091-4A86-89C2-DD6DA82AFD03}.Release64|x64.Build.0 = Release|x64
		{24DC893D-3091-4A86-89C2-DD6DA82AFD03}.Release64|x86.ActiveCfg = Release|Win32
		{24DC893D-3091-4A86-89C2-DD6DA82AFD03}.Release64|x86.Build.0 = Release|Win32
		{216E52BC-1E6D-4237-90DD-85B048B878BA}.Debug|x64.ActiveCfg = Debug|x64
		{216E52BC-1E6D-4237-90DD-85B048B878BA}.Debug|x64.Build.0 = Debug|x64
		{216E52BC-1E6D-4237-90DD-85B048B878BA}.Debug|x86.ActiveCfg = Debug|Win32
		{216E52BC-1E6D-4237-90DD-85B048B878BA}.Debug|x86.Build.0 = Debug|Win32
		{216E52BC-1E6D-4237-90DD-85B048B878BA}.Debug64|x64.ActiveCfg = Debug|x64
		{216E52BC-1E6D-4237-90DD-85B048B878BA}.Debug64|x64.Build.0 = Debug|x64
		{216E52BC-1E6D-4237-90DD-85B048B878BA}.Debug64|x86.ActiveCfg = Debug|Win32
		{216E52BC-1E6D-4237-90DD-85B048B878BA}.Debug64|x86.Build.0 = Debug|Win32
		{216E52BC-1E6D-4237-90DD-85B048B878BA}.Release|x64.ActiveCfg = Release|x64
		{216E52BC-1E6D-4237-90DD-85B048B878BA}.Release|x64.Build.0 = Release|x64
		{216E52BC-1E6D-4237-90DD-85B048B878BA}.Release|x86.ActiveCfg = Release|Win32
		{216E52BC-1E6D-4237-90DD-85B048B878BA}.Release|x86.Build.0 = Release|Win32
		{216E52BC-1E6D-4237-90DD-85B048B878BA}.Release64|x64.ActiveCfg = Release|x64
		{216E52BC-1E6D-4237-90DD-85B048B878BA}.Release64|x64.Build.0 = Release|x64
		{216E52BC-1E6D-4237-90DD-85B048B878BA}.Release64|x86.ActiveCfg = Release|Win32
		{216E52BC-1E6D-4237-90DD-85B048B878BA}.Release64|x86.Build.0 = Release|Win32
	EndGlobalSection
	GlobalSection(SolutionProperties) = preSolution
		HideSolutionNode = FALSE
	EndGlobalSection
	GlobalSection(ExtensibilityGlobals) = postSolution
		SolutionGuid = {DB2D78AF-9BFC-4501-895A-E2F5AD55E274}
	EndGlobalSection
EndGlobal
