<?xml version="1.0" encoding="utf-8"?>
<Project ToolsVersion="4.0" xmlns="http://schemas.microsoft.com/developer/msbuild/2003">
  <ItemGroup>
    <ClCompile Include="NaveNet.cpp" />
    <ClCompile Include="NFIOBuffer.cpp" />
    <ClCompile Include="NFNetClient.cpp" />
    <ClCompile Include="NFNetClientS.cpp" />
    <ClCompile Include="NFPacket.cpp" />
  </ItemGroup>
  <ItemGroup>
    <ClInclude Include="NaveNet.h" />
    <ClInclude Include="NFIOBuffer.h" />
    <ClInclude Include="NFNetClient.h" />
    <ClInclude Include="NFNetClientS.h" />
    <ClInclude Include="NFPacket.h" />
  </ItemGroup>
</Project>