
Microsoft Visual Studio Solution File, Format Version 12.00
# Visual Studio 15
VisualStudioVersion = 15.0.26403.7
MinimumVisualStudioVersion = 10.0.40219.1
Project("{8BC9CEB8-8B4A-11D0-8D11-00A0C91BC942}") = "EchoServer", "EchoServer.vcxproj", "{25E0E25E-1989-43E8-AC15-6C2A4556DA24}"
EndProject
Project("{8BC9CEB8-8B4A-11D0-8D11-00A0C91BC942}") = "IocpNetLib", "..\..\IocpNetLib\IocpNetLib.vcxproj", "{E831E212-8EC9-40C5-84A1-ED014D6F25FD}"
EndProject
Global
	GlobalSection(SolutionConfigurationPlatforms) = preSolution
		Debug|x64 = Debug|x64
		Debug|x86 = Debug|x86
		Release|x64 = Release|x64
		Release|x86 = Release|x86
	EndGlobalSection
	GlobalSection(ProjectConfigurationPlatforms) = postSolution
		{25E0E25E-1989-43E8-AC15-6C2A4556DA24}.Debug|x64.ActiveCfg = Debug|x64
		{25E0E25E-1989-43E8-AC15-6C2A4556DA24}.Debug|x64.Build.0 = Debug|x64
		{25E0E25E-1989-43E8-AC15-6C2A4556DA24}.Debug|x86.ActiveCfg = Debug|Win32
		{25E0E25E-1989-43E8-AC15-6C2A4556DA24}.Debug|x86.Build.0 = Debug|Win32
		{25E0E25E-1989-43E8-AC15-6C2A4556DA24}.Release|x64.ActiveCfg = Release|x64
		{25E0E25E-1989-43E8-AC15-6C2A4556DA24}.Release|x64.Build.0 = Release|x64
		{25E0E25E-1989-43E8-AC15-6C2A4556DA24}.Release|x86.ActiveCfg = Release|Win32
		{25E0E25E-1989-43E8-AC15-6C2A4556DA24}.Release|x86.Build.0 = Release|Win32
		{E831E212-8EC9-40C5-84A1-ED014D6F25FD}.Debug|x64.ActiveCfg = Debug|x64
		{E831E212-8EC9-40C5-84A1-ED014D6F25FD}.Debug|x64.Build.0 = Debug|x64
		{E831E212-8EC9-40C5-84A1-ED014D6F25FD}.Debug|x86.ActiveCfg = Debug|Win32
		{E831E212-8EC9-40C5-84A1-ED014D6F25FD}.Debug|x86.Build.0 = Debug|Win32
		{E831E212-8EC9-40C5-84A1-ED014D6F25FD}.Release|x64.ActiveCfg = Release|x64
		{E831E212-8EC9-40C5-84A1-ED014D6F25FD}.Release|x64.Build.0 = Release|x64
		{E831E212-8EC9-40C5-84A1-ED014D6F25FD}.Release|x86.ActiveCfg = Release|Win32
		{E831E212-8EC9-40C5-84A1-ED014D6F25FD}.Release|x86.Build.0 = Release|Win32
	EndGlobalSection
	GlobalSection(SolutionProperties) = preSolution
		HideSolutionNode = FALSE
	EndGlobalSection
EndGlobal
