
Microsoft Visual Studio Solution File, Format Version 12.00
# Visual Studio Version 17
VisualStudioVersion = 17.10.35013.160
MinimumVisualStudioVersion = 10.0.40219.1
Project("{9A19103F-16F7-4668-BE54-9A1E7A4F7556}") = "WinFormsClient", "WinFormsClient.csproj", "{0998B03B-2595-4412-8647-8E602DCB1ECC}"
EndProject
Global
	GlobalSection(SolutionConfigurationPlatforms) = preSolution
		Debug|Any CPU = Debug|Any CPU
		Debug|x64 = Debug|x64
		Release|Any CPU = Release|Any CPU
		Release|x64 = Release|x64
	EndGlobalSection
	GlobalSection(ProjectConfigurationPlatforms) = postSolution
		{0998B03B-2595-4412-8647-8E602DCB1ECC}.Debug|Any CPU.ActiveCfg = Debug|Any CPU
		{0998B03B-2595-4412-8647-8E602DCB1ECC}.Debug|Any CPU.Build.0 = Debug|Any CPU
		{0998B03B-2595-4412-8647-8E602DCB1ECC}.Debug|x64.ActiveCfg = Debug|x64
		{0998B03B-2595-4412-8647-8E602DCB1ECC}.Debug|x64.Build.0 = Debug|x64
		{0998B03B-2595-4412-8647-8E602DCB1ECC}.Release|Any CPU.ActiveCfg = Release|Any CPU
		{0998B03B-2595-4412-8647-8E602DCB1ECC}.Release|Any CPU.Build.0 = Release|Any CPU
		{0998B03B-2595-4412-8647-8E602DCB1ECC}.Release|x64.ActiveCfg = Release|x64
		{0998B03B-2595-4412-8647-8E602DCB1ECC}.Release|x64.Build.0 = Release|x64
	EndGlobalSection
	GlobalSection(SolutionProperties) = preSolution
		HideSolutionNode = FALSE
	EndGlobalSection
	GlobalSection(ExtensibilityGlobals) = postSolution
		SolutionGuid = {B6C06940-1EF0-4850-AE94-94DEB73E2412}
	EndGlobalSection
EndGlobal
