
Microsoft Visual Studio Solution File, Format Version 11.00
# Visual Studio 2010
Project("{8BC9CEB8-8B4A-11D0-8D11-00A0C91BC942}") = "MulticastReceiver", "MulticastReceiver.vcxproj", "{FEBB7F3F-3401-4FE3-AF5C-8CB0B9239AF5}"
EndProject
Global
	GlobalSection(SolutionConfigurationPlatforms) = preSolution
		Debug|Win32 = Debug|Win32
		Release|Win32 = Release|Win32
	EndGlobalSection
	GlobalSection(ProjectConfigurationPlatforms) = postSolution
		{FEBB7F3F-3401-4FE3-AF5C-8CB0B9239AF5}.Debug|Win32.ActiveCfg = Debug|Win32
		{FEBB7F3F-3401-4FE3-AF5C-8CB0B9239AF5}.Debug|Win32.Build.0 = Debug|Win32
		{FEBB7F3F-3401-4FE3-AF5C-8CB0B9239AF5}.Release|Win32.ActiveCfg = Release|Win32
		{FEBB7F3F-3401-4FE3-AF5C-8CB0B9239AF5}.Release|Win32.Build.0 = Release|Win32
	EndGlobalSection
	GlobalSection(SolutionProperties) = preSolution
		HideSolutionNode = FALSE
	EndGlobalSection
EndGlobal
